
Microsoft Visual Studio Solution File, Format Version 12.00
# Visual Studio Version 17
VisualStudioVersion = 17.1.32210.238
MinimumVisualStudioVersion = 10.0.40219.1
Project("{FAE04EC0-301F-11D3-BF4B-00C04F79EFBC}") = "KakaoSTTRestAPI", "KakaoSTTRestAPI\KakaoSTTRestAPI.csproj", "{2129181C-8624-4BF5-9FF8-04D1A7EB0DED}"
EndProject
Global
	GlobalSection(SolutionConfigurationPlatforms) = preSolution
		Debug|Any CPU = Debug|Any CPU
		Release|Any CPU = Release|Any CPU
	EndGlobalSection
	GlobalSection(ProjectConfigurationPlatforms) = postSolution
		{2129181C-8624-4BF5-9FF8-04D1A7EB0DED}.Debug|Any CPU.ActiveCfg = Debug|Any CPU
		{2129181C-8624-4BF5-9FF8-04D1A7EB0DED}.Debug|Any CPU.Build.0 = Debug|Any CPU
		{2129181C-8624-4BF5-9FF8-04D1A7EB0DED}.Release|Any CPU.ActiveCfg = Release|Any CPU
		{2129181C-8624-4BF5-9FF8-04D1A7EB0DED}.Release|Any CPU.Build.0 = Release|Any CPU
	EndGlobalSection
	GlobalSection(SolutionProperties) = preSolution
		HideSolutionNode = FALSE
	EndGlobalSection
	GlobalSection(ExtensibilityGlobals) = postSolution
		SolutionGuid = {27CE6A5A-5A07-4992-AF6C-E17D839F3B1D}
	EndGlobalSection
EndGlobal
